
Microsoft Visual Studio Solution File, Format Version 12.00
# Visual Studio 15
VisualStudioVersion = 15.0.26430.12
MinimumVisualStudioVersion = 10.0.40219.1
Project("{FAE04EC0-301F-11D3-BF4B-00C04F79EFBC}") = "Text.Search", "Text.Search\Text.Search.csproj", "{788CFFB1-5243-4E70-A74A-E49D63EC7509}"
EndProject
Project("{FAE04EC0-301F-11D3-BF4B-00C04F79EFBC}") = "Text.Extract", "Text.Extract\Text.Extract.csproj", "{3231A273-6AB2-48A1-A7BA-634768D638C2}"
EndProject
Project("{FAE04EC0-301F-11D3-BF4B-00C04F79EFBC}") = "Text.NaturalLanguageProcessing", "Text.NaturalLanguageProcessing\Text.NaturalLanguageProcessing.csproj", "{E3667261-2EF7-4CA3-AFCA-CE5402E2DC60}"
EndProject
Project("{FAE04EC0-301F-11D3-BF4B-00C04F79EFBC}") = "Text.Prototyping", "Text.Prototyping\Text.Prototyping.csproj", "{4432AEF3-3FFC-425B-BFE6-C7EB424F845F}"
EndProject
Global
	GlobalSection(SolutionConfigurationPlatforms) = preSolution
		Debug|Any CPU = Debug|Any CPU
		Release|Any CPU = Release|Any CPU
	EndGlobalSection
	GlobalSection(ProjectConfigurationPlatforms) = postSolution
		{788CFFB1-5243-4E70-A74A-E49D63EC7509}.Debug|Any CPU.ActiveCfg = Debug|Any CPU
		{788CFFB1-5243-4E70-A74A-E49D63EC7509}.Debug|Any CPU.Build.0 = Debug|Any CPU
		{788CFFB1-5243-4E70-A74A-E49D63EC7509}.Release|Any CPU.ActiveCfg = Release|Any CPU
		{788CFFB1-5243-4E70-A74A-E49D63EC7509}.Release|Any CPU.Build.0 = Release|Any CPU
		{3231A273-6AB2-48A1-A7BA-634768D638C2}.Debug|Any CPU.ActiveCfg = Debug|Any CPU
		{3231A273-6AB2-48A1-A7BA-634768D638C2}.Debug|Any CPU.Build.0 = Debug|Any CPU
		{3231A273-6AB2-48A1-A7BA-634768D638C2}.Release|Any CPU.ActiveCfg = Release|Any CPU
		{3231A273-6AB2-48A1-A7BA-634768D638C2}.Release|Any CPU.Build.0 = Release|Any CPU
		{E3667261-2EF7-4CA3-AFCA-CE5402E2DC60}.Debug|Any CPU.ActiveCfg = Debug|Any CPU
		{E3667261-2EF7-4CA3-AFCA-CE5402E2DC60}.Debug|Any CPU.Build.0 = Debug|Any CPU
		{E3667261-2EF7-4CA3-AFCA-CE5402E2DC60}.Release|Any CPU.ActiveCfg = Release|Any CPU
		{E3667261-2EF7-4CA3-AFCA-CE5402E2DC60}.Release|Any CPU.Build.0 = Release|Any CPU
		{4432AEF3-3FFC-425B-BFE6-C7EB424F845F}.Debug|Any CPU.ActiveCfg = Debug|Any CPU
		{4432AEF3-3FFC-425B-BFE6-C7EB424F845F}.Debug|Any CPU.Build.0 = Debug|Any CPU
		{4432AEF3-3FFC-425B-BFE6-C7EB424F845F}.Release|Any CPU.ActiveCfg = Release|Any CPU
		{4432AEF3-3FFC-425B-BFE6-C7EB424F845F}.Release|Any CPU.Build.0 = Release|Any CPU
	EndGlobalSection
	GlobalSection(SolutionProperties) = preSolution
		HideSolutionNode = FALSE
	EndGlobalSection
EndGlobal
